
Microsoft Visual Studio Solution File, Format Version 12.00
# Visual Studio Version 16
VisualStudioVersion = 25.0.1704.2
MinimumVisualStudioVersion = 10.0.40219.1
Project("{FAE04EC0-301F-11D3-BF4B-00C04F79EFBC}") = "ConvertAlertToPhoneCall", "ConvertAlertToPhoneCall.csproj", "{DED33A08-88EB-48CB-843E-53539D75A909}"
EndProject
Global
	GlobalSection(SolutionConfigurationPlatforms) = preSolution
		Debug|Any CPU = Debug|Any CPU
		Release|Any CPU = Release|Any CPU
	EndGlobalSection
	GlobalSection(ProjectConfigurationPlatforms) = postSolution
		{DED33A08-88EB-48CB-843E-53539D75A909}.Debug|Any CPU.ActiveCfg = Debug|Any CPU
		{DED33A08-88EB-48CB-843E-53539D75A909}.Debug|Any CPU.Build.0 = Debug|Any CPU
		{DED33A08-88EB-48CB-843E-53539D75A909}.Release|Any CPU.ActiveCfg = Release|Any CPU
		{DED33A08-88EB-48CB-843E-53539D75A909}.Release|Any CPU.Build.0 = Release|Any CPU
	EndGlobalSection
	GlobalSection(SolutionProperties) = preSolution
		HideSolutionNode = FALSE
	EndGlobalSection
	GlobalSection(ExtensibilityGlobals) = postSolution
		SolutionGuid = {6A4BD951-860C-4DD6-881E-7189A77DD1A6}
	EndGlobalSection
EndGlobal
